
Microsoft Visual Studio Solution File, Format Version 12.00
# Visual Studio Version 17
VisualStudioVersion = 17.3.32819.101
MinimumVisualStudioVersion = 10.0.40219.1
Project("{FAE04EC0-301F-11D3-BF4B-00C04F79EFBC}") = "SampleXamarin.Android", "SampleXamarin\SampleXamarin.Android\SampleXamarin.Android.csproj", "{EA00129A-40CB-41D3-B381-AF7E046A6703}"
EndProject
Project("{FAE04EC0-301F-11D3-BF4B-00C04F79EFBC}") = "SampleXamarin.iOS", "SampleXamarin\SampleXamarin.iOS\SampleXamarin.iOS.csproj", "{A8FD568E-6166-449F-9E2F-9AD06771D225}"
EndProject
Project("{FAE04EC0-301F-11D3-BF4B-00C04F79EFBC}") = "SampleXamarin", "SampleXamarin\SampleXamarin\SampleXamarin.csproj", "{08CDFEED-BD4C-4AFE-A6BE-F7F3C8DD03DB}"
EndProject
Global
	GlobalSection(SolutionConfigurationPlatforms) = preSolution
		Debug|Any CPU = Debug|Any CPU
		Debug|iPhone = Debug|iPhone
		Debug|iPhoneSimulator = Debug|iPhoneSimulator
		Release|Any CPU = Release|Any CPU
		Release|iPhone = Release|iPhone
		Release|iPhoneSimulator = Release|iPhoneSimulator
	EndGlobalSection
	GlobalSection(ProjectConfigurationPlatforms) = postSolution
		{EA00129A-40CB-41D3-B381-AF7E046A6703}.Debug|Any CPU.ActiveCfg = Debug|Any CPU
		{EA00129A-40CB-41D3-B381-AF7E046A6703}.Debug|Any CPU.Build.0 = Debug|Any CPU
		{EA00129A-40CB-41D3-B381-AF7E046A6703}.Debug|Any CPU.Deploy.0 = Debug|Any CPU
		{EA00129A-40CB-41D3-B381-AF7E046A6703}.Debug|iPhone.ActiveCfg = Debug|Any CPU
		{EA00129A-40CB-41D3-B381-AF7E046A6703}.Debug|iPhone.Build.0 = Debug|Any CPU
		{EA00129A-40CB-41D3-B381-AF7E046A6703}.Debug|iPhone.Deploy.0 = Debug|Any CPU
		{EA00129A-40CB-41D3-B381-AF7E046A6703}.Debug|iPhoneSimulator.ActiveCfg = Debug|Any CPU
		{EA00129A-40CB-41D3-B381-AF7E046A6703}.Debug|iPhoneSimulator.Build.0 = Debug|Any CPU
		{EA00129A-40CB-41D3-B381-AF7E046A6703}.Debug|iPhoneSimulator.Deploy.0 = Debug|Any CPU
		{EA00129A-40CB-41D3-B381-AF7E046A6703}.Release|Any CPU.ActiveCfg = Release|Any CPU
		{EA00129A-40CB-41D3-B381-AF7E046A6703}.Release|Any CPU.Build.0 = Release|Any CPU
		{EA00129A-40CB-41D3-B381-AF7E046A6703}.Release|Any CPU.Deploy.0 = Release|Any CPU
		{EA00129A-40CB-41D3-B381-AF7E046A6703}.Release|iPhone.ActiveCfg = Release|Any CPU
		{EA00129A-40CB-41D3-B381-AF7E046A6703}.Release|iPhone.Build.0 = Release|Any CPU
		{EA00129A-40CB-41D3-B381-AF7E046A6703}.Release|iPhone.Deploy.0 = Release|Any CPU
		{EA00129A-40CB-41D3-B381-AF7E046A6703}.Release|iPhoneSimulator.ActiveCfg = Release|Any CPU
		{EA00129A-40CB-41D3-B381-AF7E046A6703}.Release|iPhoneSimulator.Build.0 = Release|Any CPU
		{EA00129A-40CB-41D3-B381-AF7E046A6703}.Release|iPhoneSimulator.Deploy.0 = Release|Any CPU
		{A8FD568E-6166-449F-9E2F-9AD06771D225}.Debug|Any CPU.ActiveCfg = Debug|iPhone
		{A8FD568E-6166-449F-9E2F-9AD06771D225}.Debug|Any CPU.Build.0 = Debug|iPhone
		{A8FD568E-6166-449F-9E2F-9AD06771D225}.Debug|Any CPU.Deploy.0 = Debug|iPhone
		{A8FD568E-6166-449F-9E2F-9AD06771D225}.Debug|iPhone.ActiveCfg = Debug|iPhone
		{A8FD568E-6166-449F-9E2F-9AD06771D225}.Debug|iPhone.Build.0 = Debug|iPhone
		{A8FD568E-6166-449F-9E2F-9AD06771D225}.Debug|iPhone.Deploy.0 = Debug|iPhone
		{A8FD568E-6166-449F-9E2F-9AD06771D225}.Debug|iPhoneSimulator.ActiveCfg = Debug|iPhoneSimulator
		{A8FD568E-6166-449F-9E2F-9AD06771D225}.Debug|iPhoneSimulator.Build.0 = Debug|iPhoneSimulator
		{A8FD568E-6166-449F-9E2F-9AD06771D225}.Debug|iPhoneSimulator.Deploy.0 = Debug|iPhoneSimulator
		{A8FD568E-6166-449F-9E2F-9AD06771D225}.Release|Any CPU.ActiveCfg = Release|iPhoneSimulator
		{A8FD568E-6166-449F-9E2F-9AD06771D225}.Release|Any CPU.Build.0 = Release|iPhoneSimulator
		{A8FD568E-6166-449F-9E2F-9AD06771D225}.Release|Any CPU.Deploy.0 = Release|iPhoneSimulator
		{A8FD568E-6166-449F-9E2F-9AD06771D225}.Release|iPhone.ActiveCfg = Release|iPhone
		{A8FD568E-6166-449F-9E2F-9AD06771D225}.Release|iPhone.Build.0 = Release|iPhone
		{A8FD568E-6166-449F-9E2F-9AD06771D225}.Release|iPhone.Deploy.0 = Release|iPhone
		{A8FD568E-6166-449F-9E2F-9AD06771D225}.Release|iPhoneSimulator.ActiveCfg = Release|iPhoneSimulator
		{A8FD568E-6166-449F-9E2F-9AD06771D225}.Release|iPhoneSimulator.Build.0 = Release|iPhoneSimulator
		{A8FD568E-6166-449F-9E2F-9AD06771D225}.Release|iPhoneSimulator.Deploy.0 = Release|iPhoneSimulator
		{08CDFEED-BD4C-4AFE-A6BE-F7F3C8DD03DB}.Debug|Any CPU.ActiveCfg = Debug|Any CPU
		{08CDFEED-BD4C-4AFE-A6BE-F7F3C8DD03DB}.Debug|Any CPU.Build.0 = Debug|Any CPU
		{08CDFEED-BD4C-4AFE-A6BE-F7F3C8DD03DB}.Debug|Any CPU.Deploy.0 = Debug|Any CPU
		{08CDFEED-BD4C-4AFE-A6BE-F7F3C8DD03DB}.Debug|iPhone.ActiveCfg = Debug|Any CPU
		{08CDFEED-BD4C-4AFE-A6BE-F7F3C8DD03DB}.Debug|iPhone.Build.0 = Debug|Any CPU
		{08CDFEED-BD4C-4AFE-A6BE-F7F3C8DD03DB}.Debug|iPhone.Deploy.0 = Debug|Any CPU
		{08CDFEED-BD4C-4AFE-A6BE-F7F3C8DD03DB}.Debug|iPhoneSimulator.ActiveCfg = Debug|Any CPU
		{08CDFEED-BD4C-4AFE-A6BE-F7F3C8DD03DB}.Debug|iPhoneSimulator.Build.0 = Debug|Any CPU
		{08CDFEED-BD4C-4AFE-A6BE-F7F3C8DD03DB}.Debug|iPhoneSimulator.Deploy.0 = Debug|Any CPU
		{08CDFEED-BD4C-4AFE-A6BE-F7F3C8DD03DB}.Release|Any CPU.ActiveCfg = Release|Any CPU
		{08CDFEED-BD4C-4AFE-A6BE-F7F3C8DD03DB}.Release|Any CPU.Build.0 = Release|Any CPU
		{08CDFEED-BD4C-4AFE-A6BE-F7F3C8DD03DB}.Release|Any CPU.Deploy.0 = Release|Any CPU
		{08CDFEED-BD4C-4AFE-A6BE-F7F3C8DD03DB}.Release|iPhone.ActiveCfg = Release|Any CPU
		{08CDFEED-BD4C-4AFE-A6BE-F7F3C8DD03DB}.Release|iPhone.Build.0 = Release|Any CPU
		{08CDFEED-BD4C-4AFE-A6BE-F7F3C8DD03DB}.Release|iPhone.Deploy.0 = Release|Any CPU
		{08CDFEED-BD4C-4AFE-A6BE-F7F3C8DD03DB}.Release|iPhoneSimulator.ActiveCfg = Release|Any CPU
		{08CDFEED-BD4C-4AFE-A6BE-F7F3C8DD03DB}.Release|iPhoneSimulator.Build.0 = Release|Any CPU
		{08CDFEED-BD4C-4AFE-A6BE-F7F3C8DD03DB}.Release|iPhoneSimulator.Deploy.0 = Release|Any CPU
	EndGlobalSection
	GlobalSection(SolutionProperties) = preSolution
		HideSolutionNode = FALSE
	EndGlobalSection
	GlobalSection(ExtensibilityGlobals) = postSolution
		SolutionGuid = {C3D4F6EF-49EF-4E7B-9C44-70DBBD0F99A5}
	EndGlobalSection
EndGlobal
